// !$*UTF8*$!
{
	archiveVersion = 1;
	classes = {
	};
	objectVersion = 77;
	objects = {

/* Begin PBXBuildFile section */
		3353BCD22DBCEB3B00FD3BA9 /* SwiftUIIntrospect in Frameworks */ = {isa = PBXBuildFile; productRef = 3353BCD12DBCEB3B00FD3BA9 /* SwiftUIIntrospect */; };
/* End PBXBuildFile section */

/* Begin PBXContainerItemProxy section */
		3353BCAE2DBCCE8800FD3BA9 /* PBXContainerItemProxy */ = {
			isa = PBXContainerItemProxy;
			containerPortal = 3353BC942DBCCE8700FD3BA9 /* Project object */;
			proxyType = 1;
			remoteGlobalIDString = 3353BC9B2DBCCE8700FD3BA9;
			remoteInfo = XueBa;
		};
		3353BCB82DBCCE8800FD3BA9 /* PBXContainerItemProxy */ = {
			isa = PBXContainerItemProxy;
			containerPortal = 3353BC942DBCCE8700FD3BA9 /* Project object */;
			proxyType = 1;
			remoteGlobalIDString = 3353BC9B2DBCCE8700FD3BA9;
			remoteInfo = XueBa;
		};
/* End PBXContainerItemProxy section */

/* Begin PBXFileReference section */
		3353BC9C2DBCCE8700FD3BA9 /* XueBa.app */ = {isa = PBXFileReference; explicitFileType = wrapper.application; includeInIndex = 0; path = XueBa.app; sourceTree = BUILT_PRODUCTS_DIR; };
		3353BCAD2DBCCE8800FD3BA9 /* XueBaTests.xctest */ = {isa = PBXFileReference; explicitFileType = wrapper.cfbundle; includeInIndex = 0; path = XueBaTests.xctest; sourceTree = BUILT_PRODUCTS_DIR; };
		3353BCB72DBCCE8800FD3BA9 /* XueBaUITests.xctest */ = {isa = PBXFileReference; explicitFileType = wrapper.cfbundle; includeInIndex = 0; path = XueBaUITests.xctest; sourceTree = BUILT_PRODUCTS_DIR; };
/* End PBXFileReference section */

/* Begin PBXFileSystemSynchronizedRootGroup section */
		3353BC9E2DBCCE8700FD3BA9 /* XueBa */ = {
			isa = PBXFileSystemSynchronizedRootGroup;
			path = XueBa;
			sourceTree = "<group>";
		};
		3353BCB02DBCCE8800FD3BA9 /* XueBaTests */ = {
			isa = PBXFileSystemSynchronizedRootGroup;
			path = XueBaTests;
			sourceTree = "<group>";
		};
		3353BCBA2DBCCE8800FD3BA9 /* XueBaUITests */ = {
			isa = PBXFileSystemSynchronizedRootGroup;
			path = XueBaUITests;
			sourceTree = "<group>";
		};
/* End PBXFileSystemSynchronizedRootGroup section */

/* Begin PBXFrameworksBuildPhase section */
		3353BC992DBCCE8700FD3BA9 /* Frameworks */ = {
			isa = PBXFrameworksBuildPhase;
			buildActionMask = 2147483647;
			files = (
				3353BCD22DBCEB3B00FD3BA9 /* SwiftUIIntrospect in Frameworks */,
			);
			runOnlyForDeploymentPostprocessing = 0;
		};
		3353BCAA2DBCCE8800FD3BA9 /* Frameworks */ = {
			isa = PBXFrameworksBuildPhase;
			buildActionMask = 2147483647;
			files = (
			);
			runOnlyForDeploymentPostprocessing = 0;
		};
		3353BCB42DBCCE8800FD3BA9 /* Frameworks */ = {
			isa = PBXFrameworksBuildPhase;
			buildActionMask = 2147483647;
			files = (
			);
			runOnlyForDeploymentPostprocessing = 0;
		};
/* End PBXFrameworksBuildPhase section */

/* Begin PBXGroup section */
		3353BC932DBCCE8700FD3BA9 = {
			isa = PBXGroup;
			children = (
				3353BC9E2DBCCE8700FD3BA9 /* XueBa */,
				3353BCB02DBCCE8800FD3BA9 /* XueBaTests */,
				3353BCBA2DBCCE8800FD3BA9 /* XueBaUITests */,
				3353BC9D2DBCCE8700FD3BA9 /* Products */,
			);
			sourceTree = "<group>";
		};
		3353BC9D2DBCCE8700FD3BA9 /* Products */ = {
			isa = PBXGroup;
			children = (
				3353BC9C2DBCCE8700FD3BA9 /* XueBa.app */,
				3353BCAD2DBCCE8800FD3BA9 /* XueBaTests.xctest */,
				3353BCB72DBCCE8800FD3BA9 /* XueBaUITests.xctest */,
			);
			name = Products;
			sourceTree = "<group>";
		};
/* End PBXGroup section */

/* Begin PBXNativeTarget section */
		3353BC9B2DBCCE8700FD3BA9 /* XueBa */ = {
			isa = PBXNativeTarget;
			buildConfigurationList = 3353BCC12DBCCE8800FD3BA9 /* Build configuration list for PBXNativeTarget "XueBa" */;
			buildPhases = (
				3353BC982DBCCE8700FD3BA9 /* Sources */,
				3353BC992DBCCE8700FD3BA9 /* Frameworks */,
				3353BC9A2DBCCE8700FD3BA9 /* Resources */,
			);
			buildRules = (
			);
			dependencies = (
			);
			fileSystemSynchronizedGroups = (
				3353BC9E2DBCCE8700FD3BA9 /* XueBa */,
			);
			name = XueBa;
			packageProductDependencies = (
				3353BCD12DBCEB3B00FD3BA9 /* SwiftUIIntrospect */,
			);
			productName = XueBa;
			productReference = 3353BC9C2DBCCE8700FD3BA9 /* XueBa.app */;
			productType = "com.apple.product-type.application";
		};
		3353BCAC2DBCCE8800FD3BA9 /* XueBaTests */ = {
			isa = PBXNativeTarget;
			buildConfigurationList = 3353BCC42DBCCE8800FD3BA9 /* Build configuration list for PBXNativeTarget "XueBaTests" */;
			buildPhases = (
				3353BCA92DBCCE8800FD3BA9 /* Sources */,
				3353BCAA2DBCCE8800FD3BA9 /* Frameworks */,
				3353BCAB2DBCCE8800FD3BA9 /* Resources */,
			);
			buildRules = (
			);
			dependencies = (
				3353BCAF2DBCCE8800FD3BA9 /* PBXTargetDependency */,
			);
			fileSystemSynchronizedGroups = (
				3353BCB02DBCCE8800FD3BA9 /* XueBaTests */,
			);
			name = XueBaTests;
			packageProductDependencies = (
			);
			productName = XueBaTests;
			productReference = 3353BCAD2DBCCE8800FD3BA9 /* XueBaTests.xctest */;
			productType = "com.apple.product-type.bundle.unit-test";
		};
		3353BCB62DBCCE8800FD3BA9 /* XueBaUITests */ = {
			isa = PBXNativeTarget;
			buildConfigurationList = 3353BCC72DBCCE8800FD3BA9 /* Build configuration list for PBXNativeTarget "XueBaUITests" */;
			buildPhases = (
				3353BCB32DBCCE8800FD3BA9 /* Sources */,
				3353BCB42DBCCE8800FD3BA9 /* Frameworks */,
				3353BCB52DBCCE8800FD3BA9 /* Resources */,
			);
			buildRules = (
			);
			dependencies = (
				3353BCB92DBCCE8800FD3BA9 /* PBXTargetDependency */,
			);
			fileSystemSynchronizedGroups = (
				3353BCBA2DBCCE8800FD3BA9 /* XueBaUITests */,
			);
			name = XueBaUITests;
			packageProductDependencies = (
			);
			productName = XueBaUITests;
			productReference = 3353BCB72DBCCE8800FD3BA9 /* XueBaUITests.xctest */;
			productType = "com.apple.product-type.bundle.ui-testing";
		};
/* End PBXNativeTarget section */

/* Begin PBXProject section */
		3353BC942DBCCE8700FD3BA9 /* Project object */ = {
			isa = PBXProject;
			attributes = {
				BuildIndependentTargetsInParallel = 1;
				LastSwiftUpdateCheck = 1620;
				LastUpgradeCheck = 1620;
				TargetAttributes = {
					3353BC9B2DBCCE8700FD3BA9 = {
						CreatedOnToolsVersion = 16.2;
					};
					3353BCAC2DBCCE8800FD3BA9 = {
						CreatedOnToolsVersion = 16.2;
						TestTargetID = 3353BC9B2DBCCE8700FD3BA9;
					};
					3353BCB62DBCCE8800FD3BA9 = {
						CreatedOnToolsVersion = 16.2;
						TestTargetID = 3353BC9B2DBCCE8700FD3BA9;
					};
				};
			};
			buildConfigurationList = 3353BC972DBCCE8700FD3BA9 /* Build configuration list for PBXProject "XueBa" */;
			developmentRegion = en;
			hasScannedForEncodings = 0;
			knownRegions = (
				en,
				Base,
			);
			mainGroup = 3353BC932DBCCE8700FD3BA9;
			minimizedProjectReferenceProxies = 1;
			packageReferences = (
				3353BCD02DBCEB3B00FD3BA9 /* XCRemoteSwiftPackageReference "swiftui-introspect" */,
			);
			preferredProjectObjectVersion = 77;
			productRefGroup = 3353BC9D2DBCCE8700FD3BA9 /* Products */;
			projectDirPath = "";
			projectRoot = "";
			targets = (
				3353BC9B2DBCCE8700FD3BA9 /* XueBa */,
				3353BCAC2DBCCE8800FD3BA9 /* XueBaTests */,
				3353BCB62DBCCE8800FD3BA9 /* XueBaUITests */,
			);
		};
/* End PBXProject section */

/* Begin PBXResourcesBuildPhase section */
		3353BC9A2DBCCE8700FD3BA9 /* Resources */ = {
			isa = PBXResourcesBuildPhase;
			buildActionMask = 2147483647;
			files = (
			);
			runOnlyForDeploymentPostprocessing = 0;
		};
		3353BCAB2DBCCE8800FD3BA9 /* Resources */ = {
			isa = PBXResourcesBuildPhase;
			buildActionMask = 2147483647;
			files = (
			);
			runOnlyForDeploymentPostprocessing = 0;
		};
		3353BCB52DBCCE8800FD3BA9 /* Resources */ = {
			isa = PBXResourcesBuildPhase;
			buildActionMask = 2147483647;
			files = (
			);
			runOnlyForDeploymentPostprocessing = 0;
		};
/* End PBXResourcesBuildPhase section */

/* Begin PBXSourcesBuildPhase section */
		3353BC982DBCCE8700FD3BA9 /* Sources */ = {
			isa = PBXSourcesBuildPhase;
			buildActionMask = 2147483647;
			files = (
			);
			runOnlyForDeploymentPostprocessing = 0;
		};
		3353BCA92DBCCE8800FD3BA9 /* Sources */ = {
			isa = PBXSourcesBuildPhase;
			buildActionMask = 2147483647;
			files = (
			);
			runOnlyForDeploymentPostprocessing = 0;
		};
		3353BCB32DBCCE8800FD3BA9 /* Sources */ = {
			isa = PBXSourcesBuildPhase;
			buildActionMask = 2147483647;
			files = (
			);
			runOnlyForDeploymentPostprocessing = 0;
		};
/* End PBXSourcesBuildPhase section */

/* Begin PBXTargetDependency section */
		3353BCAF2DBCCE8800FD3BA9 /* PBXTargetDependency */ = {
			isa = PBXTargetDependency;
			target = 3353BC9B2DBCCE8700FD3BA9 /* XueBa */;
			targetProxy = 3353BCAE2DBCCE8800FD3BA9 /* PBXContainerItemProxy */;
		};
		3353BCB92DBCCE8800FD3BA9 /* PBXTargetDependency */ = {
			isa = PBXTargetDependency;
			target = 3353BC9B2DBCCE8700FD3BA9 /* XueBa */;
			targetProxy = 3353BCB82DBCCE8800FD3BA9 /* PBXContainerItemProxy */;
		};
/* End PBXTargetDependency section */

/* Begin XCBuildConfiguration section */
		3353BCBF2DBCCE8800FD3BA9 /* Debug */ = {
			isa = XCBuildConfiguration;
			buildSettings = {
				ALWAYS_SEARCH_USER_PATHS = NO;
				ASSETCATALOG_COMPILER_GENERATE_SWIFT_ASSET_SYMBOL_EXTENSIONS = YES;
				CLANG_ANALYZER_NONNULL = YES;
				CLANG_ANALYZER_NUMBER_OBJECT_CONVERSION = YES_AGGRESSIVE;
				CLANG_CXX_LANGUAGE_STANDARD = "gnu++20";
				CLANG_ENABLE_MODULES = YES;
				CLANG_ENABLE_OBJC_ARC = YES;
				CLANG_ENABLE_OBJC_WEAK = YES;
				CLANG_WARN_BLOCK_CAPTURE_AUTORELEASING = YES;
				CLANG_WARN_BOOL_CONVERSION = YES;
				CLANG_WARN_COMMA = YES;
				CLANG_WARN_CONSTANT_CONVERSION = YES;
				CLANG_WARN_DEPRECATED_OBJC_IMPLEMENTATIONS = YES;
				CLANG_WARN_DIRECT_OBJC_ISA_USAGE = YES_ERROR;
				CLANG_WARN_DOCUMENTATION_COMMENTS = YES;
				CLANG_WARN_EMPTY_BODY = YES;
				CLANG_WARN_ENUM_CONVERSION = YES;
				CLANG_WARN_INFINITE_RECURSION = YES;
				CLANG_WARN_INT_CONVERSION = YES;
				CLANG_WARN_NON_LITERAL_NULL_CONVERSION = YES;
				CLANG_WARN_OBJC_IMPLICIT_RETAIN_SELF = YES;
				CLANG_WARN_OBJC_LITERAL_CONVERSION = YES;
				CLANG_WARN_OBJC_ROOT_CLASS = YES_ERROR;
				CLANG_WARN_QUOTED_INCLUDE_IN_FRAMEWORK_HEADER = YES;
				CLANG_WARN_RANGE_LOOP_ANALYSIS = YES;
				CLANG_WARN_STRICT_PROTOTYPES = YES;
				CLANG_WARN_SUSPICIOUS_MOVE = YES;
				CLANG_WARN_UNGUARDED_AVAILABILITY = YES_AGGRESSIVE;
				CLANG_WARN_UNREACHABLE_CODE = YES;
				CLANG_WARN__DUPLICATE_METHOD_MATCH = YES;
				COPY_PHASE_STRIP = NO;
				DEBUG_INFORMATION_FORMAT = dwarf;
				ENABLE_STRICT_OBJC_MSGSEND = YES;
				ENABLE_TESTABILITY = YES;
				ENABLE_USER_SCRIPT_SANDBOXING = YES;
				GCC_C_LANGUAGE_STANDARD = gnu17;
				GCC_DYNAMIC_NO_PIC = NO;
				GCC_NO_COMMON_BLOCKS = YES;
				GCC_OPTIMIZATION_LEVEL = 0;
				GCC_PREPROCESSOR_DEFINITIONS = (
					"DEBUG=1",
					"$(inherited)",
				);
				GCC_WARN_64_TO_32_BIT_CONVERSION = YES;
				GCC_WARN_ABOUT_RETURN_TYPE = YES_ERROR;
				GCC_WARN_UNDECLARED_SELECTOR = YES;
				GCC_WARN_UNINITIALIZED_AUTOS = YES_AGGRESSIVE;
				GCC_WARN_UNUSED_FUNCTION = YES;
				GCC_WARN_UNUSED_VARIABLE = YES;
				LOCALIZATION_PREFERS_STRING_CATALOGS = YES;
				MTL_ENABLE_DEBUG_INFO = INCLUDE_SOURCE;
				MTL_FAST_MATH = YES;
				ONLY_ACTIVE_ARCH = YES;
				SWIFT_ACTIVE_COMPILATION_CONDITIONS = "DEBUG $(inherited)";
				SWIFT_OPTIMIZATION_LEVEL = "-Onone";
			};
			name = Debug;
		};
		3353BCC02DBCCE8800FD3BA9 /* Release */ = {
			isa = XCBuildConfiguration;
			buildSettings = {
				ALWAYS_SEARCH_USER_PATHS = NO;
				ASSETCATALOG_COMPILER_GENERATE_SWIFT_ASSET_SYMBOL_EXTENSIONS = YES;
				CLANG_ANALYZER_NONNULL = YES;
				CLANG_ANALYZER_NUMBER_OBJECT_CONVERSION = YES_AGGRESSIVE;
				CLANG_CXX_LANGUAGE_STANDARD = "gnu++20";
				CLANG_ENABLE_MODULES = YES;
				CLANG_ENABLE_OBJC_ARC = YES;
				CLANG_ENABLE_OBJC_WEAK = YES;
				CLANG_WARN_BLOCK_CAPTURE_AUTORELEASING = YES;
				CLANG_WARN_BOOL_CONVERSION = YES;
				CLANG_WARN_COMMA = YES;
				CLANG_WARN_CONSTANT_CONVERSION = YES;
				CLANG_WARN_DEPRECATED_OBJC_IMPLEMENTATIONS = YES;
				CLANG_WARN_DIRECT_OBJC_ISA_USAGE = YES_ERROR;
				CLANG_WARN_DOCUMENTATION_COMMENTS = YES;
				CLANG_WARN_EMPTY_BODY = YES;
				CLANG_WARN_ENUM_CONVERSION = YES;
				CLANG_WARN_INFINITE_RECURSION = YES;
				CLANG_WARN_INT_CONVERSION = YES;
				CLANG_WARN_NON_LITERAL_NULL_CONVERSION = YES;
				CLANG_WARN_OBJC_IMPLICIT_RETAIN_SELF = YES;
				CLANG_WARN_OBJC_LITERAL_CONVERSION = YES;
				CLANG_WARN_OBJC_ROOT_CLASS = YES_ERROR;
				CLANG_WARN_QUOTED_INCLUDE_IN_FRAMEWORK_HEADER = YES;
				CLANG_WARN_RANGE_LOOP_ANALYSIS = YES;
				CLANG_WARN_STRICT_PROTOTYPES = YES;
				CLANG_WARN_SUSPICIOUS_MOVE = YES;
				CLANG_WARN_UNGUARDED_AVAILABILITY = YES_AGGRESSIVE;
				CLANG_WARN_UNREACHABLE_CODE = YES;
				CLANG_WARN__DUPLICATE_METHOD_MATCH = YES;
				COPY_PHASE_STRIP = NO;
				DEBUG_INFORMATION_FORMAT = "dwarf-with-dsym";
				ENABLE_NS_ASSERTIONS = NO;
				ENABLE_STRICT_OBJC_MSGSEND = YES;
				ENABLE_USER_SCRIPT_SANDBOXING = YES;
				GCC_C_LANGUAGE_STANDARD = gnu17;
				GCC_NO_COMMON_BLOCKS = YES;
				GCC_WARN_64_TO_32_BIT_CONVERSION = YES;
				GCC_WARN_ABOUT_RETURN_TYPE = YES_ERROR;
				GCC_WARN_UNDECLARED_SELECTOR = YES;
				GCC_WARN_UNINITIALIZED_AUTOS = YES_AGGRESSIVE;
				GCC_WARN_UNUSED_FUNCTION = YES;
				GCC_WARN_UNUSED_VARIABLE = YES;
				LOCALIZATION_PREFERS_STRING_CATALOGS = YES;
				MTL_ENABLE_DEBUG_INFO = NO;
				MTL_FAST_MATH = YES;
				SWIFT_COMPILATION_MODE = wholemodule;
			};
			name = Release;
		};
		3353BCC22DBCCE8800FD3BA9 /* Debug */ = {
			isa = XCBuildConfiguration;
			buildSettings = {
				ASSETCATALOG_COMPILER_APPICON_NAME = AppIcon;
				ASSETCATALOG_COMPILER_GLOBAL_ACCENT_COLOR_NAME = AccentColor;
				CODE_SIGN_ENTITLEMENTS = XueBa/XueBa.entitlements;
				CODE_SIGN_STYLE = Automatic;
				CURRENT_PROJECT_VERSION = 1;
				DEVELOPMENT_ASSET_PATHS = "\"XueBa/Preview Content\"";
				DEVELOPMENT_TEAM = Q8R76S2QE8;
				ENABLE_HARDENED_RUNTIME = YES;
				ENABLE_PREVIEWS = YES;
				GENERATE_INFOPLIST_FILE = YES;
				"INFOPLIST_KEY_UIApplicationSceneManifest_Generation[sdk=iphoneos*]" = YES;
				"INFOPLIST_KEY_UIApplicationSceneManifest_Generation[sdk=iphonesimulator*]" = YES;
				"INFOPLIST_KEY_UIApplicationSupportsIndirectInputEvents[sdk=iphoneos*]" = YES;
				"INFOPLIST_KEY_UIApplicationSupportsIndirectInputEvents[sdk=iphonesimulator*]" = YES;
				"INFOPLIST_KEY_UILaunchScreen_Generation[sdk=iphoneos*]" = YES;
				"INFOPLIST_KEY_UILaunchScreen_Generation[sdk=iphonesimulator*]" = YES;
				"INFOPLIST_KEY_UIStatusBarStyle[sdk=iphoneos*]" = UIStatusBarStyleDefault;
				"INFOPLIST_KEY_UIStatusBarStyle[sdk=iphonesimulator*]" = UIStatusBarStyleDefault;
				INFOPLIST_KEY_UISupportedInterfaceOrientations_iPad = "UIInterfaceOrientationPortrait UIInterfaceOrientationPortraitUpsideDown UIInterfaceOrientationLandscapeLeft UIInterfaceOrientationLandscapeRight";
				INFOPLIST_KEY_UISupportedInterfaceOrientations_iPhone = "UIInterfaceOrientationPortrait UIInterfaceOrientationLandscapeLeft UIInterfaceOrientationLandscapeRight";
				IPHONEOS_DEPLOYMENT_TARGET = 18.2;
				LD_RUNPATH_SEARCH_PATHS = "@executable_path/Frameworks";
				"LD_RUNPATH_SEARCH_PATHS[sdk=macosx*]" = "@executable_path/../Frameworks";
				MACOSX_DEPLOYMENT_TARGET = 15.2;
				MARKETING_VERSION = 1.0;
				PRODUCT_BUNDLE_IDENTIFIER = com.xueba.XueBa;
				PRODUCT_NAME = "$(TARGET_NAME)";
				SDKROOT = auto;
				SUPPORTED_PLATFORMS = "iphoneos iphonesimulator macosx xros xrsimulator";
				SWIFT_EMIT_LOC_STRINGS = YES;
				SWIFT_VERSION = 5.0;
				TARGETED_DEVICE_FAMILY = "1,2,7";
				XROS_DEPLOYMENT_TARGET = 2.2;
			};
			name = Debug;
		};
		3353BCC32DBCCE8800FD3BA9 /* Release */ = {
			isa = XCBuildConfiguration;
			buildSettings = {
				ASSETCATALOG_COMPILER_APPICON_NAME = AppIcon;
				ASSETCATALOG_COMPILER_GLOBAL_ACCENT_COLOR_NAME = AccentColor;
				CODE_SIGN_ENTITLEMENTS = XueBa/XueBa.entitlements;
				CODE_SIGN_STYLE = Automatic;
				CURRENT_PROJECT_VERSION = 1;
				DEVELOPMENT_ASSET_PATHS = "\"XueBa/Preview Content\"";
				DEVELOPMENT_TEAM = Q8R76S2QE8;
				ENABLE_HARDENED_RUNTIME = YES;
				ENABLE_PREVIEWS = YES;
				GENERATE_INFOPLIST_FILE = YES;
				"INFOPLIST_KEY_UIApplicationSceneManifest_Generation[sdk=iphoneos*]" = YES;
				"INFOPLIST_KEY_UIApplicationSceneManifest_Generation[sdk=iphonesimulator*]" = YES;
				"INFOPLIST_KEY_UIApplicationSupportsIndirectInputEvents[sdk=iphoneos*]" = YES;
				"INFOPLIST_KEY_UIApplicationSupportsIndirectInputEvents[sdk=iphonesimulator*]" = YES;
				"INFOPLIST_KEY_UILaunchScreen_Generation[sdk=iphoneos*]" = YES;
				"INFOPLIST_KEY_UILaunchScreen_Generation[sdk=iphonesimulator*]" = YES;
				"INFOPLIST_KEY_UIStatusBarStyle[sdk=iphoneos*]" = UIStatusBarStyleDefault;
				"INFOPLIST_KEY_UIStatusBarStyle[sdk=iphonesimulator*]" = UIStatusBarStyleDefault;
				INFOPLIST_KEY_UISupportedInterfaceOrientations_iPad = "UIInterfaceOrientationPortrait UIInterfaceOrientationPortraitUpsideDown UIInterfaceOrientationLandscapeLeft UIInterfaceOrientationLandscapeRight";
				INFOPLIST_KEY_UISupportedInterfaceOrientations_iPhone = "UIInterfaceOrientationPortrait UIInterfaceOrientationLandscapeLeft UIInterfaceOrientationLandscapeRight";
				IPHONEOS_DEPLOYMENT_TARGET = 18.2;
				LD_RUNPATH_SEARCH_PATHS = "@executable_path/Frameworks";
				"LD_RUNPATH_SEARCH_PATHS[sdk=macosx*]" = "@executable_path/../Frameworks";
				MACOSX_DEPLOYMENT_TARGET = 15.2;
				MARKETING_VERSION = 1.0;
				PRODUCT_BUNDLE_IDENTIFIER = com.xueba.XueBa;
				PRODUCT_NAME = "$(TARGET_NAME)";
				SDKROOT = auto;
				SUPPORTED_PLATFORMS = "iphoneos iphonesimulator macosx xros xrsimulator";
				SWIFT_EMIT_LOC_STRINGS = YES;
				SWIFT_VERSION = 5.0;
				TARGETED_DEVICE_FAMILY = "1,2,7";
				XROS_DEPLOYMENT_TARGET = 2.2;
			};
			name = Release;
		};
		3353BCC52DBCCE8800FD3BA9 /* Debug */ = {
			isa = XCBuildConfiguration;
			buildSettings = {
				BUNDLE_LOADER = "$(TEST_HOST)";
				CODE_SIGN_STYLE = Automatic;
				CURRENT_PROJECT_VERSION = 1;
				DEVELOPMENT_TEAM = Q8R76S2QE8;
				GENERATE_INFOPLIST_FILE = YES;
				IPHONEOS_DEPLOYMENT_TARGET = 18.2;
				MACOSX_DEPLOYMENT_TARGET = 15.2;
				MARKETING_VERSION = 1.0;
				PRODUCT_BUNDLE_IDENTIFIER = com.xueba.XueBaTests;
				PRODUCT_NAME = "$(TARGET_NAME)";
				SDKROOT = auto;
				SUPPORTED_PLATFORMS = "iphoneos iphonesimulator macosx xros xrsimulator";
				SWIFT_EMIT_LOC_STRINGS = NO;
				SWIFT_VERSION = 5.0;
				TARGETED_DEVICE_FAMILY = "1,2,7";
				TEST_HOST = "$(BUILT_PRODUCTS_DIR)/XueBa.app/$(BUNDLE_EXECUTABLE_FOLDER_PATH)/XueBa";
				XROS_DEPLOYMENT_TARGET = 2.2;
			};
			name = Debug;
		};
		3353BCC62DBCCE8800FD3BA9 /* Release */ = {
			isa = XCBuildConfiguration;
			buildSettings = {
				BUNDLE_LOADER = "$(TEST_HOST)";
				CODE_SIGN_STYLE = Automatic;
				CURRENT_PROJECT_VERSION = 1;
				DEVELOPMENT_TEAM = Q8R76S2QE8;
				GENERATE_INFOPLIST_FILE = YES;
				IPHONEOS_DEPLOYMENT_TARGET = 18.2;
				MACOSX_DEPLOYMENT_TARGET = 15.2;
				MARKETING_VERSION = 1.0;
				PRODUCT_BUNDLE_IDENTIFIER = com.xueba.XueBaTests;
				PRODUCT_NAME = "$(TARGET_NAME)";
				SDKROOT = auto;
				SUPPORTED_PLATFORMS = "iphoneos iphonesimulator macosx xros xrsimulator";
				SWIFT_EMIT_LOC_STRINGS = NO;
				SWIFT_VERSION = 5.0;
				TARGETED_DEVICE_FAMILY = "1,2,7";
				TEST_HOST = "$(BUILT_PRODUCTS_DIR)/XueBa.app/$(BUNDLE_EXECUTABLE_FOLDER_PATH)/XueBa";
				XROS_DEPLOYMENT_TARGET = 2.2;
			};
			name = Release;
		};
		3353BCC82DBCCE8800FD3BA9 /* Debug */ = {
			isa = XCBuildConfiguration;
			buildSettings = {
				CODE_SIGN_STYLE = Automatic;
				CURRENT_PROJECT_VERSION = 1;
				DEVELOPMENT_TEAM = Q8R76S2QE8;
				GENERATE_INFOPLIST_FILE = YES;
				IPHONEOS_DEPLOYMENT_TARGET = 18.2;
				MACOSX_DEPLOYMENT_TARGET = 15.2;
				MARKETING_VERSION = 1.0;
				PRODUCT_BUNDLE_IDENTIFIER = com.xueba.XueBaUITests;
				PRODUCT_NAME = "$(TARGET_NAME)";
				SDKROOT = auto;
				SUPPORTED_PLATFORMS = "iphoneos iphonesimulator macosx xros xrsimulator";
				SWIFT_EMIT_LOC_STRINGS = NO;
				SWIFT_VERSION = 5.0;
				TARGETED_DEVICE_FAMILY = "1,2,7";
				TEST_TARGET_NAME = XueBa;
				XROS_DEPLOYMENT_TARGET = 2.2;
			};
			name = Debug;
		};
		3353BCC92DBCCE8800FD3BA9 /* Release */ = {
			isa = XCBuildConfiguration;
			buildSettings = {
				CODE_SIGN_STYLE = Automatic;
				CURRENT_PROJECT_VERSION = 1;
				DEVELOPMENT_TEAM = Q8R76S2QE8;
				GENERATE_INFOPLIST_FILE = YES;
				IPHONEOS_DEPLOYMENT_TARGET = 18.2;
				MACOSX_DEPLOYMENT_TARGET = 15.2;
				MARKETING_VERSION = 1.0;
				PRODUCT_BUNDLE_IDENTIFIER = com.xueba.XueBaUITests;
				PRODUCT_NAME = "$(TARGET_NAME)";
				SDKROOT = auto;
				SUPPORTED_PLATFORMS = "iphoneos iphonesimulator macosx xros xrsimulator";
				SWIFT_EMIT_LOC_STRINGS = NO;
				SWIFT_VERSION = 5.0;
				TARGETED_DEVICE_FAMILY = "1,2,7";
				TEST_TARGET_NAME = XueBa;
				XROS_DEPLOYMENT_TARGET = 2.2;
			};
			name = Release;
		};
/* End XCBuildConfiguration section */

/* Begin XCConfigurationList section */
		3353BC972DBCCE8700FD3BA9 /* Build configuration list for PBXProject "XueBa" */ = {
			isa = XCConfigurationList;
			buildConfigurations = (
				3353BCBF2DBCCE8800FD3BA9 /* Debug */,
				3353BCC02DBCCE8800FD3BA9 /* Release */,
			);
			defaultConfigurationIsVisible = 0;
			defaultConfigurationName = Release;
		};
		3353BCC12DBCCE8800FD3BA9 /* Build configuration list for PBXNativeTarget "XueBa" */ = {
			isa = XCConfigurationList;
			buildConfigurations = (
				3353BCC22DBCCE8800FD3BA9 /* Debug */,
				3353BCC32DBCCE8800FD3BA9 /* Release */,
			);
			defaultConfigurationIsVisible = 0;
			defaultConfigurationName = Release;
		};
		3353BCC42DBCCE8800FD3BA9 /* Build configuration list for PBXNativeTarget "XueBaTests" */ = {
			isa = XCConfigurationList;
			buildConfigurations = (
				3353BCC52DBCCE8800FD3BA9 /* Debug */,
				3353BCC62DBCCE8800FD3BA9 /* Release */,
			);
			defaultConfigurationIsVisible = 0;
			defaultConfigurationName = Release;
		};
		3353BCC72DBCCE8800FD3BA9 /* Build configuration list for PBXNativeTarget "XueBaUITests" */ = {
			isa = XCConfigurationList;
			buildConfigurations = (
				3353BCC82DBCCE8800FD3BA9 /* Debug */,
				3353BCC92DBCCE8800FD3BA9 /* Release */,
			);
			defaultConfigurationIsVisible = 0;
			defaultConfigurationName = Release;
		};
/* End XCConfigurationList section */

/* Begin XCRemoteSwiftPackageReference section */
		3353BCD02DBCEB3B00FD3BA9 /* XCRemoteSwiftPackageReference "swiftui-introspect" */ = {
			isa = XCRemoteSwiftPackageReference;
			repositoryURL = "https://github.com/siteline/swiftui-introspect";
			requirement = {
				kind = upToNextMajorVersion;
				minimumVersion = 1.3.0;
			};
		};
/* End XCRemoteSwiftPackageReference section */

/* Begin XCSwiftPackageProductDependency section */
		3353BCD12DBCEB3B00FD3BA9 /* SwiftUIIntrospect */ = {
			isa = XCSwiftPackageProductDependency;
			package = 3353BCD02DBCEB3B00FD3BA9 /* XCRemoteSwiftPackageReference "swiftui-introspect" */;
			productName = SwiftUIIntrospect;
		};
/* End XCSwiftPackageProductDependency section */
	};
	rootObject = 3353BC942DBCCE8700FD3BA9 /* Project object */;
}
